
Microsoft Visual Studio Solution File, Format Version 12.00
# Visual Studio Version 17
VisualStudioVersion = 17.3.32922.545
MinimumVisualStudioVersion = 10.0.40219.1
Project("{FAE04EC0-301F-11D3-BF4B-00C04F79EFBC}") = "testAppProgress", "testAppProgress\testAppProgress.csproj", "{8ADCB0A3-76C2-45FE-84E8-35A7EAC189DA}"
EndProject
Project("{FAE04EC0-301F-11D3-BF4B-00C04F79EFBC}") = "JpoApi", "JpoApi\JpoApi.csproj", "{665005F9-A2A6-499F-9A6B-C8FFBCB3C03A}"
EndProject
Project("{FAE04EC0-301F-11D3-BF4B-00C04F79EFBC}") = "testApplicatonAttorneyCd", "testApplicatonAttorneyCd\testApplicatonAttorneyCd.csproj", "{68C890B2-7137-4C82-9317-62100DDA0EE7}"
EndProject
Project("{FAE04EC0-301F-11D3-BF4B-00C04F79EFBC}") = "testAppProgressSimple", "testAppProgressSimple\testAppProgressSimple.csproj", "{45E3E386-DF88-4734-B94F-628C6F909F71}"
EndProject
Project("{FAE04EC0-301F-11D3-BF4B-00C04F79EFBC}") = "testDivisionalAppInfo", "testDivisionalAppInfo\testDivisionalAppInfo.csproj", "{EA02504F-4F39-4670-92C8-3244EB741790}"
EndProject
Project("{FAE04EC0-301F-11D3-BF4B-00C04F79EFBC}") = "testPriorityRightAppInfo", "testPriorityRightAppInfo\testPriorityRightAppInfo.csproj", "{8716F95D-53E3-4C03-AAC3-2FC7C538C398}"
EndProject
Project("{FAE04EC0-301F-11D3-BF4B-00C04F79EFBC}") = "testApplicationAttorney", "testApplicationAttorney\testApplicationAttorney.csproj", "{60B1A70E-90DB-4D9E-80B4-F4AF033CDE48}"
EndProject
Project("{FAE04EC0-301F-11D3-BF4B-00C04F79EFBC}") = "testCaseNumberReference", "testCaseNumberReference\testCaseNumberReference.csproj", "{A6D83E9A-7AF2-47A4-8BB4-092CF6FDBBC6}"
EndProject
Project("{FAE04EC0-301F-11D3-BF4B-00C04F79EFBC}") = "testCiteDocInfo", "testCiteDocInfo\testCiteDocInfo.csproj", "{761F46A7-034E-4E96-A988-60FED5653B29}"
EndProject
Project("{FAE04EC0-301F-11D3-BF4B-00C04F79EFBC}") = "testRegistrationInfo", "testRegistrationInfo\testRegistrationInfo.csproj", "{71CDB45D-4B12-453C-92C5-235C9EBFCEED}"
EndProject
Project("{FAE04EC0-301F-11D3-BF4B-00C04F79EFBC}") = "testAppDocContRefusalReason", "testAppDocContRefusalReason\testAppDocContRefusalReason.csproj", "{7776AE2C-F069-42FC-8C36-38467553044C}"
EndProject
Project("{FAE04EC0-301F-11D3-BF4B-00C04F79EFBC}") = "testAppDocContRefusalReasonDecision", "testAppDocContRefusalReasonDecision\testAppDocContRefusalReasonDecision.csproj", "{D927C759-C144-40E0-ABFA-11BBF25CAE38}"
EndProject
Project("{FAE04EC0-301F-11D3-BF4B-00C04F79EFBC}") = "testAppDocContOpinionAmendment", "testAppDocContOpinionAmendment\testAppDocContOpinionAmendment.csproj", "{4E9765C8-17A6-4683-9585-4C64C9DB6EC6}"
EndProject
Project("{FAE04EC0-301F-11D3-BF4B-00C04F79EFBC}") = "SetAccount", "SetAccount\SetAccount.csproj", "{A615CDD8-3EF7-44B5-8142-CB41986204F4}"
EndProject
Project("{FAE04EC0-301F-11D3-BF4B-00C04F79EFBC}") = "testInpitRss", "testInpitRss\testInpitRss.csproj", "{21C9D1D7-98D6-4E69-B590-471B9FBE1CCC}"
EndProject
Project("{FAE04EC0-301F-11D3-BF4B-00C04F79EFBC}") = "testJppFixedAddress", "testJppFixedAddress\testJppFixedAddress.csproj", "{34F19EF8-29F0-406E-A86D-3A4B1205CF76}"
EndProject
Project("{FAE04EC0-301F-11D3-BF4B-00C04F79EFBC}") = "testPctNationalPhaseApplicationNumber", "testPctNationalPhaseApplicationNumber\testPctNationalPhaseApplicationNumber.csproj", "{3A819F6B-8030-463D-AD96-1D906BD3D6AF}"
EndProject
Project("{FAE04EC0-301F-11D3-BF4B-00C04F79EFBC}") = "testTrademarkAppDocContOpinionAmendment", "testTrademarkAppDocContOpinionAmendment\testTrademarkAppDocContOpinionAmendment.csproj", "{15F521CB-29ED-48D4-8C78-1FB721008F7B}"
EndProject
Project("{FAE04EC0-301F-11D3-BF4B-00C04F79EFBC}") = "testTrademarkAppDocContRefusalReason", "testTrademarkAppDocContRefusalReason\testTrademarkAppDocContRefusalReason.csproj", "{818C2265-0E25-4996-A3A1-460B80851B81}"
EndProject
Project("{FAE04EC0-301F-11D3-BF4B-00C04F79EFBC}") = "testTrademarkAppDocContRefusalReasonDecision", "testTrademarkAppDocContRefusalReasonDecision\testTrademarkAppDocContRefusalReasonDecision.csproj", "{00FA7228-703B-4DC6-BDF3-46302207AF20}"
EndProject
Project("{FAE04EC0-301F-11D3-BF4B-00C04F79EFBC}") = "testDesignAppProgress", "testDesignAppProgress\testDesignAppProgress.csproj", "{5C911F1A-CBBF-496C-B798-65256BE4CF77}"
EndProject
Project("{FAE04EC0-301F-11D3-BF4B-00C04F79EFBC}") = "testDesignAppProgressSimple", "testDesignAppProgressSimple\testDesignAppProgressSimple.csproj", "{EBB9DB65-F88C-44A4-8D2D-110EC25F46BC}"
EndProject
Project("{FAE04EC0-301F-11D3-BF4B-00C04F79EFBC}") = "testDesignPriorityRightAppInfo", "testDesignPriorityRightAppInfo\testDesignPriorityRightAppInfo.csproj", "{DFCF49A2-048B-4CDC-8D53-ED1354663074}"
EndProject
Project("{FAE04EC0-301F-11D3-BF4B-00C04F79EFBC}") = "testDesignApplicantAttorney", "testDesignApplicantAttorney\testDesignApplicantAttorney.csproj", "{AE802E45-58DD-43DD-B0A0-6ADBFBB864A9}"
EndProject
Project("{FAE04EC0-301F-11D3-BF4B-00C04F79EFBC}") = "testDesignApplicantAttorneyCd", "testDesignApplicantAttorneyCd\testDesignApplicantAttorneyCd.csproj", "{82C4A2B2-4D7C-480B-B680-727065A7A8E7}"
EndProject
Project("{FAE04EC0-301F-11D3-BF4B-00C04F79EFBC}") = "testDesignCaseNumberReference", "testDesignCaseNumberReference\testDesignCaseNumberReference.csproj", "{D8C8DAB8-F769-44E6-933A-44A1E5AEAF80}"
EndProject
Project("{FAE04EC0-301F-11D3-BF4B-00C04F79EFBC}") = "testDesignRegistrationInfo", "testDesignRegistrationInfo\testDesignRegistrationInfo.csproj", "{9C4214A8-DEE4-4A03-B0F4-CF7EB4A20849}"
EndProject
Project("{FAE04EC0-301F-11D3-BF4B-00C04F79EFBC}") = "testDesignJppFixedAddress", "testDesignJppFixedAddress\testDesignJppFixedAddress.csproj", "{2E2B32E2-D77C-461A-AD16-DA6AF30BF43C}"
EndProject
Project("{FAE04EC0-301F-11D3-BF4B-00C04F79EFBC}") = "testDesignAppDocContOpinionAmendment", "testDesignAppDocContOpinionAmendment\testDesignAppDocContOpinionAmendment.csproj", "{8077E62C-4536-4D9D-982D-FCD979F07826}"
EndProject
Project("{FAE04EC0-301F-11D3-BF4B-00C04F79EFBC}") = "testDesignAppDocContRefusalReasonDecision", "testDesignAppDocContRefusalReasonDecision\testDesignAppDocContRefusalReasonDecision.csproj", "{73410C47-15B4-4B6B-BB49-F27776A81ECF}"
EndProject
Project("{FAE04EC0-301F-11D3-BF4B-00C04F79EFBC}") = "testDesignAppDocContRefusalReason", "testDesignAppDocContRefusalReason\testDesignAppDocContRefusalReason.csproj", "{CF5C37FA-E09F-4B8C-B324-C40187845400}"
EndProject
Project("{FAE04EC0-301F-11D3-BF4B-00C04F79EFBC}") = "testTrademarkAppProgress", "testTrademarkAppProgress\testTrademarkAppProgress.csproj", "{AA9BEB06-4C01-477D-8139-D59452EB7F0F}"
EndProject
Project("{FAE04EC0-301F-11D3-BF4B-00C04F79EFBC}") = "testTrademarkAppProgressSimple", "testTrademarkAppProgressSimple\testTrademarkAppProgressSimple.csproj", "{9664DFCF-F852-47B2-90B8-D8D46F0777FE}"
EndProject
Project("{FAE04EC0-301F-11D3-BF4B-00C04F79EFBC}") = "testTrademarkPriorityRightAppInfo", "testTrademarkPriorityRightAppInfo\testTrademarkPriorityRightAppInfo.csproj", "{0DCE2752-68D6-49E0-8D0F-35081D978FEA}"
EndProject
Project("{FAE04EC0-301F-11D3-BF4B-00C04F79EFBC}") = "testTrademarkApplicantAttorney", "testTrademarkApplicantAttorney\testTrademarkApplicantAttorney.csproj", "{988F0454-5465-4A10-8FD3-8CEB46A5B9EB}"
EndProject
Project("{FAE04EC0-301F-11D3-BF4B-00C04F79EFBC}") = "testTrademarkApplicantAttorneyCd", "testTrademarkApplicantAttorneyCd\testTrademarkApplicantAttorneyCd.csproj", "{D2F8C189-11E7-4321-9EFE-9F0A2F298C9D}"
EndProject
Project("{FAE04EC0-301F-11D3-BF4B-00C04F79EFBC}") = "testTrademarkCaseNumberReference", "testTrademarkCaseNumberReference\testTrademarkCaseNumberReference.csproj", "{A6D65A7A-2BE4-4B63-87CA-9D3A9C99F3C8}"
EndProject
Project("{FAE04EC0-301F-11D3-BF4B-00C04F79EFBC}") = "testTrademarkRegistrationInfo", "testTrademarkRegistrationInfo\testTrademarkRegistrationInfo.csproj", "{FA2C4838-1942-4CA5-8F2E-0E69B7FEDA43}"
EndProject
Project("{FAE04EC0-301F-11D3-BF4B-00C04F79EFBC}") = "testTrademarkJppFixedAddress", "testTrademarkJppFixedAddress\testTrademarkJppFixedAddress.csproj", "{89800E1D-E2F3-4545-B12C-53531E864502}"
EndProject
Project("{FAE04EC0-301F-11D3-BF4B-00C04F79EFBC}") = "testOpdJpDocCont", "testOpdApiJpDocCont\testOpdJpDocCont.csproj", "{90359818-058A-4B90-8B27-B719EA80804F}"
EndProject
Project("{FAE04EC0-301F-11D3-BF4B-00C04F79EFBC}") = "testOpdGlobalDocList", "testGlobalDocList\testOpdGlobalDocList.csproj", "{A71531D9-7BC6-4FC7-858E-E96698273067}"
EndProject
Project("{FAE04EC0-301F-11D3-BF4B-00C04F79EFBC}") = "testOpdFamily", "testOpdFamily\testOpdFamily.csproj", "{ABC5A66C-15CE-45E7-88EC-F089911CF8C5}"
EndProject
Project("{FAE04EC0-301F-11D3-BF4B-00C04F79EFBC}") = "testOpdFamilyList", "testOpdFamilyList\testOpdFamilyList.csproj", "{C35DEB33-D81D-4F9E-B5EF-062C6D0473D2}"
EndProject
Project("{FAE04EC0-301F-11D3-BF4B-00C04F79EFBC}") = "testOpdGlobalCiteClass", "testOpdGlobalCiteClass\testOpdGlobalCiteClass.csproj", "{25FC924D-CA08-48CC-A2E2-E05D50125E0F}"
EndProject
Project("{FAE04EC0-301F-11D3-BF4B-00C04F79EFBC}") = "testOpdGlobalDocCont", "testOpdGlobalDocCont\testOpdGlobalDocCont.csproj", "{BC6089D9-2E82-400D-962A-F0ECF805545D}"
EndProject
Global
	GlobalSection(SolutionConfigurationPlatforms) = preSolution
		Debug|Any CPU = Debug|Any CPU
		Release|Any CPU = Release|Any CPU
	EndGlobalSection
	GlobalSection(ProjectConfigurationPlatforms) = postSolution
		{8ADCB0A3-76C2-45FE-84E8-35A7EAC189DA}.Debug|Any CPU.ActiveCfg = Debug|Any CPU
		{8ADCB0A3-76C2-45FE-84E8-35A7EAC189DA}.Debug|Any CPU.Build.0 = Debug|Any CPU
		{8ADCB0A3-76C2-45FE-84E8-35A7EAC189DA}.Release|Any CPU.ActiveCfg = Release|Any CPU
		{8ADCB0A3-76C2-45FE-84E8-35A7EAC189DA}.Release|Any CPU.Build.0 = Release|Any CPU
		{665005F9-A2A6-499F-9A6B-C8FFBCB3C03A}.Debug|Any CPU.ActiveCfg = Debug|Any CPU
		{665005F9-A2A6-499F-9A6B-C8FFBCB3C03A}.Debug|Any CPU.Build.0 = Debug|Any CPU
		{665005F9-A2A6-499F-9A6B-C8FFBCB3C03A}.Release|Any CPU.ActiveCfg = Release|Any CPU
		{665005F9-A2A6-499F-9A6B-C8FFBCB3C03A}.Release|Any CPU.Build.0 = Release|Any CPU
		{68C890B2-7137-4C82-9317-62100DDA0EE7}.Debug|Any CPU.ActiveCfg = Debug|Any CPU
		{68C890B2-7137-4C82-9317-62100DDA0EE7}.Debug|Any CPU.Build.0 = Debug|Any CPU
		{68C890B2-7137-4C82-9317-62100DDA0EE7}.Release|Any CPU.ActiveCfg = Release|Any CPU
		{68C890B2-7137-4C82-9317-62100DDA0EE7}.Release|Any CPU.Build.0 = Release|Any CPU
		{45E3E386-DF88-4734-B94F-628C6F909F71}.Debug|Any CPU.ActiveCfg = Debug|Any CPU
		{45E3E386-DF88-4734-B94F-628C6F909F71}.Debug|Any CPU.Build.0 = Debug|Any CPU
		{45E3E386-DF88-4734-B94F-628C6F909F71}.Release|Any CPU.ActiveCfg = Release|Any CPU
		{45E3E386-DF88-4734-B94F-628C6F909F71}.Release|Any CPU.Build.0 = Release|Any CPU
		{EA02504F-4F39-4670-92C8-3244EB741790}.Debug|Any CPU.ActiveCfg = Debug|Any CPU
		{EA02504F-4F39-4670-92C8-3244EB741790}.Debug|Any CPU.Build.0 = Debug|Any CPU
		{EA02504F-4F39-4670-92C8-3244EB741790}.Release|Any CPU.ActiveCfg = Release|Any CPU
		{EA02504F-4F39-4670-92C8-3244EB741790}.Release|Any CPU.Build.0 = Release|Any CPU
		{8716F95D-53E3-4C03-AAC3-2FC7C538C398}.Debug|Any CPU.ActiveCfg = Debug|Any CPU
		{8716F95D-53E3-4C03-AAC3-2FC7C538C398}.Debug|Any CPU.Build.0 = Debug|Any CPU
		{8716F95D-53E3-4C03-AAC3-2FC7C538C398}.Release|Any CPU.ActiveCfg = Release|Any CPU
		{8716F95D-53E3-4C03-AAC3-2FC7C538C398}.Release|Any CPU.Build.0 = Release|Any CPU
		{60B1A70E-90DB-4D9E-80B4-F4AF033CDE48}.Debug|Any CPU.ActiveCfg = Debug|Any CPU
		{60B1A70E-90DB-4D9E-80B4-F4AF033CDE48}.Debug|Any CPU.Build.0 = Debug|Any CPU
		{60B1A70E-90DB-4D9E-80B4-F4AF033CDE48}.Release|Any CPU.ActiveCfg = Release|Any CPU
		{60B1A70E-90DB-4D9E-80B4-F4AF033CDE48}.Release|Any CPU.Build.0 = Release|Any CPU
		{A6D83E9A-7AF2-47A4-8BB4-092CF6FDBBC6}.Debug|Any CPU.ActiveCfg = Debug|Any CPU
		{A6D83E9A-7AF2-47A4-8BB4-092CF6FDBBC6}.Debug|Any CPU.Build.0 = Debug|Any CPU
		{A6D83E9A-7AF2-47A4-8BB4-092CF6FDBBC6}.Release|Any CPU.ActiveCfg = Release|Any CPU
		{A6D83E9A-7AF2-47A4-8BB4-092CF6FDBBC6}.Release|Any CPU.Build.0 = Release|Any CPU
		{761F46A7-034E-4E96-A988-60FED5653B29}.Debug|Any CPU.ActiveCfg = Debug|Any CPU
		{761F46A7-034E-4E96-A988-60FED5653B29}.Debug|Any CPU.Build.0 = Debug|Any CPU
		{761F46A7-034E-4E96-A988-60FED5653B29}.Release|Any CPU.ActiveCfg = Release|Any CPU
		{761F46A7-034E-4E96-A988-60FED5653B29}.Release|Any CPU.Build.0 = Release|Any CPU
		{71CDB45D-4B12-453C-92C5-235C9EBFCEED}.Debug|Any CPU.ActiveCfg = Debug|Any CPU
		{71CDB45D-4B12-453C-92C5-235C9EBFCEED}.Debug|Any CPU.Build.0 = Debug|Any CPU
		{71CDB45D-4B12-453C-92C5-235C9EBFCEED}.Release|Any CPU.ActiveCfg = Release|Any CPU
		{71CDB45D-4B12-453C-92C5-235C9EBFCEED}.Release|Any CPU.Build.0 = Release|Any CPU
		{7776AE2C-F069-42FC-8C36-38467553044C}.Debug|Any CPU.ActiveCfg = Debug|Any CPU
		{7776AE2C-F069-42FC-8C36-38467553044C}.Debug|Any CPU.Build.0 = Debug|Any CPU
		{7776AE2C-F069-42FC-8C36-38467553044C}.Release|Any CPU.ActiveCfg = Release|Any CPU
		{7776AE2C-F069-42FC-8C36-38467553044C}.Release|Any CPU.Build.0 = Release|Any CPU
		{D927C759-C144-40E0-ABFA-11BBF25CAE38}.Debug|Any CPU.ActiveCfg = Debug|Any CPU
		{D927C759-C144-40E0-ABFA-11BBF25CAE38}.Debug|Any CPU.Build.0 = Debug|Any CPU
		{D927C759-C144-40E0-ABFA-11BBF25CAE38}.Release|Any CPU.ActiveCfg = Release|Any CPU
		{D927C759-C144-40E0-ABFA-11BBF25CAE38}.Release|Any CPU.Build.0 = Release|Any CPU
		{4E9765C8-17A6-4683-9585-4C64C9DB6EC6}.Debug|Any CPU.ActiveCfg = Debug|Any CPU
		{4E9765C8-17A6-4683-9585-4C64C9DB6EC6}.Debug|Any CPU.Build.0 = Debug|Any CPU
		{4E9765C8-17A6-4683-9585-4C64C9DB6EC6}.Release|Any CPU.ActiveCfg = Release|Any CPU
		{4E9765C8-17A6-4683-9585-4C64C9DB6EC6}.Release|Any CPU.Build.0 = Release|Any CPU
		{A615CDD8-3EF7-44B5-8142-CB41986204F4}.Debug|Any CPU.ActiveCfg = Debug|Any CPU
		{A615CDD8-3EF7-44B5-8142-CB41986204F4}.Debug|Any CPU.Build.0 = Debug|Any CPU
		{A615CDD8-3EF7-44B5-8142-CB41986204F4}.Release|Any CPU.ActiveCfg = Release|Any CPU
		{A615CDD8-3EF7-44B5-8142-CB41986204F4}.Release|Any CPU.Build.0 = Release|Any CPU
		{21C9D1D7-98D6-4E69-B590-471B9FBE1CCC}.Debug|Any CPU.ActiveCfg = Debug|Any CPU
		{21C9D1D7-98D6-4E69-B590-471B9FBE1CCC}.Debug|Any CPU.Build.0 = Debug|Any CPU
		{21C9D1D7-98D6-4E69-B590-471B9FBE1CCC}.Release|Any CPU.ActiveCfg = Release|Any CPU
		{21C9D1D7-98D6-4E69-B590-471B9FBE1CCC}.Release|Any CPU.Build.0 = Release|Any CPU
		{34F19EF8-29F0-406E-A86D-3A4B1205CF76}.Debug|Any CPU.ActiveCfg = Debug|Any CPU
		{34F19EF8-29F0-406E-A86D-3A4B1205CF76}.Debug|Any CPU.Build.0 = Debug|Any CPU
		{34F19EF8-29F0-406E-A86D-3A4B1205CF76}.Release|Any CPU.ActiveCfg = Release|Any CPU
		{34F19EF8-29F0-406E-A86D-3A4B1205CF76}.Release|Any CPU.Build.0 = Release|Any CPU
		{3A819F6B-8030-463D-AD96-1D906BD3D6AF}.Debug|Any CPU.ActiveCfg = Debug|Any CPU
		{3A819F6B-8030-463D-AD96-1D906BD3D6AF}.Debug|Any CPU.Build.0 = Debug|Any CPU
		{3A819F6B-8030-463D-AD96-1D906BD3D6AF}.Release|Any CPU.ActiveCfg = Release|Any CPU
		{3A819F6B-8030-463D-AD96-1D906BD3D6AF}.Release|Any CPU.Build.0 = Release|Any CPU
		{15F521CB-29ED-48D4-8C78-1FB721008F7B}.Debug|Any CPU.ActiveCfg = Debug|Any CPU
		{15F521CB-29ED-48D4-8C78-1FB721008F7B}.Debug|Any CPU.Build.0 = Debug|Any CPU
		{15F521CB-29ED-48D4-8C78-1FB721008F7B}.Release|Any CPU.ActiveCfg = Release|Any CPU
		{15F521CB-29ED-48D4-8C78-1FB721008F7B}.Release|Any CPU.Build.0 = Release|Any CPU
		{818C2265-0E25-4996-A3A1-460B80851B81}.Debug|Any CPU.ActiveCfg = Debug|Any CPU
		{818C2265-0E25-4996-A3A1-460B80851B81}.Debug|Any CPU.Build.0 = Debug|Any CPU
		{818C2265-0E25-4996-A3A1-460B80851B81}.Release|Any CPU.ActiveCfg = Release|Any CPU
		{818C2265-0E25-4996-A3A1-460B80851B81}.Release|Any CPU.Build.0 = Release|Any CPU
		{00FA7228-703B-4DC6-BDF3-46302207AF20}.Debug|Any CPU.ActiveCfg = Debug|Any CPU
		{00FA7228-703B-4DC6-BDF3-46302207AF20}.Debug|Any CPU.Build.0 = Debug|Any CPU
		{00FA7228-703B-4DC6-BDF3-46302207AF20}.Release|Any CPU.ActiveCfg = Release|Any CPU
		{00FA7228-703B-4DC6-BDF3-46302207AF20}.Release|Any CPU.Build.0 = Release|Any CPU
		{5C911F1A-CBBF-496C-B798-65256BE4CF77}.Debug|Any CPU.ActiveCfg = Debug|Any CPU
		{5C911F1A-CBBF-496C-B798-65256BE4CF77}.Debug|Any CPU.Build.0 = Debug|Any CPU
		{5C911F1A-CBBF-496C-B798-65256BE4CF77}.Release|Any CPU.ActiveCfg = Release|Any CPU
		{5C911F1A-CBBF-496C-B798-65256BE4CF77}.Release|Any CPU.Build.0 = Release|Any CPU
		{EBB9DB65-F88C-44A4-8D2D-110EC25F46BC}.Debug|Any CPU.ActiveCfg = Debug|Any CPU
		{EBB9DB65-F88C-44A4-8D2D-110EC25F46BC}.Debug|Any CPU.Build.0 = Debug|Any CPU
		{EBB9DB65-F88C-44A4-8D2D-110EC25F46BC}.Release|Any CPU.ActiveCfg = Release|Any CPU
		{EBB9DB65-F88C-44A4-8D2D-110EC25F46BC}.Release|Any CPU.Build.0 = Release|Any CPU
		{DFCF49A2-048B-4CDC-8D53-ED1354663074}.Debug|Any CPU.ActiveCfg = Debug|Any CPU
		{DFCF49A2-048B-4CDC-8D53-ED1354663074}.Debug|Any CPU.Build.0 = Debug|Any CPU
		{DFCF49A2-048B-4CDC-8D53-ED1354663074}.Release|Any CPU.ActiveCfg = Release|Any CPU
		{DFCF49A2-048B-4CDC-8D53-ED1354663074}.Release|Any CPU.Build.0 = Release|Any CPU
		{AE802E45-58DD-43DD-B0A0-6ADBFBB864A9}.Debug|Any CPU.ActiveCfg = Debug|Any CPU
		{AE802E45-58DD-43DD-B0A0-6ADBFBB864A9}.Debug|Any CPU.Build.0 = Debug|Any CPU
		{AE802E45-58DD-43DD-B0A0-6ADBFBB864A9}.Release|Any CPU.ActiveCfg = Release|Any CPU
		{AE802E45-58DD-43DD-B0A0-6ADBFBB864A9}.Release|Any CPU.Build.0 = Release|Any CPU
		{82C4A2B2-4D7C-480B-B680-727065A7A8E7}.Debug|Any CPU.ActiveCfg = Debug|Any CPU
		{82C4A2B2-4D7C-480B-B680-727065A7A8E7}.Debug|Any CPU.Build.0 = Debug|Any CPU
		{82C4A2B2-4D7C-480B-B680-727065A7A8E7}.Release|Any CPU.ActiveCfg = Release|Any CPU
		{82C4A2B2-4D7C-480B-B680-727065A7A8E7}.Release|Any CPU.Build.0 = Release|Any CPU
		{D8C8DAB8-F769-44E6-933A-44A1E5AEAF80}.Debug|Any CPU.ActiveCfg = Debug|Any CPU
		{D8C8DAB8-F769-44E6-933A-44A1E5AEAF80}.Debug|Any CPU.Build.0 = Debug|Any CPU
		{D8C8DAB8-F769-44E6-933A-44A1E5AEAF80}.Release|Any CPU.ActiveCfg = Release|Any CPU
		{D8C8DAB8-F769-44E6-933A-44A1E5AEAF80}.Release|Any CPU.Build.0 = Release|Any CPU
		{9C4214A8-DEE4-4A03-B0F4-CF7EB4A20849}.Debug|Any CPU.ActiveCfg = Debug|Any CPU
		{9C4214A8-DEE4-4A03-B0F4-CF7EB4A20849}.Debug|Any CPU.Build.0 = Debug|Any CPU
		{9C4214A8-DEE4-4A03-B0F4-CF7EB4A20849}.Release|Any CPU.ActiveCfg = Release|Any CPU
		{9C4214A8-DEE4-4A03-B0F4-CF7EB4A20849}.Release|Any CPU.Build.0 = Release|Any CPU
		{2E2B32E2-D77C-461A-AD16-DA6AF30BF43C}.Debug|Any CPU.ActiveCfg = Debug|Any CPU
		{2E2B32E2-D77C-461A-AD16-DA6AF30BF43C}.Debug|Any CPU.Build.0 = Debug|Any CPU
		{2E2B32E2-D77C-461A-AD16-DA6AF30BF43C}.Release|Any CPU.ActiveCfg = Release|Any CPU
		{2E2B32E2-D77C-461A-AD16-DA6AF30BF43C}.Release|Any CPU.Build.0 = Release|Any CPU
		{8077E62C-4536-4D9D-982D-FCD979F07826}.Debug|Any CPU.ActiveCfg = Debug|Any CPU
		{8077E62C-4536-4D9D-982D-FCD979F07826}.Debug|Any CPU.Build.0 = Debug|Any CPU
		{8077E62C-4536-4D9D-982D-FCD979F07826}.Release|Any CPU.ActiveCfg = Release|Any CPU
		{8077E62C-4536-4D9D-982D-FCD979F07826}.Release|Any CPU.Build.0 = Release|Any CPU
		{73410C47-15B4-4B6B-BB49-F27776A81ECF}.Debug|Any CPU.ActiveCfg = Debug|Any CPU
		{73410C47-15B4-4B6B-BB49-F27776A81ECF}.Debug|Any CPU.Build.0 = Debug|Any CPU
		{73410C47-15B4-4B6B-BB49-F27776A81ECF}.Release|Any CPU.ActiveCfg = Release|Any CPU
		{73410C47-15B4-4B6B-BB49-F27776A81ECF}.Release|Any CPU.Build.0 = Release|Any CPU
		{CF5C37FA-E09F-4B8C-B324-C40187845400}.Debug|Any CPU.ActiveCfg = Debug|Any CPU
		{CF5C37FA-E09F-4B8C-B324-C40187845400}.Debug|Any CPU.Build.0 = Debug|Any CPU
		{CF5C37FA-E09F-4B8C-B324-C40187845400}.Release|Any CPU.ActiveCfg = Release|Any CPU
		{CF5C37FA-E09F-4B8C-B324-C40187845400}.Release|Any CPU.Build.0 = Release|Any CPU
		{AA9BEB06-4C01-477D-8139-D59452EB7F0F}.Debug|Any CPU.ActiveCfg = Debug|Any CPU
		{AA9BEB06-4C01-477D-8139-D59452EB7F0F}.Debug|Any CPU.Build.0 = Debug|Any CPU
		{AA9BEB06-4C01-477D-8139-D59452EB7F0F}.Release|Any CPU.ActiveCfg = Release|Any CPU
		{AA9BEB06-4C01-477D-8139-D59452EB7F0F}.Release|Any CPU.Build.0 = Release|Any CPU
		{9664DFCF-F852-47B2-90B8-D8D46F0777FE}.Debug|Any CPU.ActiveCfg = Debug|Any CPU
		{9664DFCF-F852-47B2-90B8-D8D46F0777FE}.Debug|Any CPU.Build.0 = Debug|Any CPU
		{9664DFCF-F852-47B2-90B8-D8D46F0777FE}.Release|Any CPU.ActiveCfg = Release|Any CPU
		{9664DFCF-F852-47B2-90B8-D8D46F0777FE}.Release|Any CPU.Build.0 = Release|Any CPU
		{0DCE2752-68D6-49E0-8D0F-35081D978FEA}.Debug|Any CPU.ActiveCfg = Debug|Any CPU
		{0DCE2752-68D6-49E0-8D0F-35081D978FEA}.Debug|Any CPU.Build.0 = Debug|Any CPU
		{0DCE2752-68D6-49E0-8D0F-35081D978FEA}.Release|Any CPU.ActiveCfg = Release|Any CPU
		{0DCE2752-68D6-49E0-8D0F-35081D978FEA}.Release|Any CPU.Build.0 = Release|Any CPU
		{988F0454-5465-4A10-8FD3-8CEB46A5B9EB}.Debug|Any CPU.ActiveCfg = Debug|Any CPU
		{988F0454-5465-4A10-8FD3-8CEB46A5B9EB}.Debug|Any CPU.Build.0 = Debug|Any CPU
		{988F0454-5465-4A10-8FD3-8CEB46A5B9EB}.Release|Any CPU.ActiveCfg = Release|Any CPU
		{988F0454-5465-4A10-8FD3-8CEB46A5B9EB}.Release|Any CPU.Build.0 = Release|Any CPU
		{D2F8C189-11E7-4321-9EFE-9F0A2F298C9D}.Debug|Any CPU.ActiveCfg = Debug|Any CPU
		{D2F8C189-11E7-4321-9EFE-9F0A2F298C9D}.Debug|Any CPU.Build.0 = Debug|Any CPU
		{D2F8C189-11E7-4321-9EFE-9F0A2F298C9D}.Release|Any CPU.ActiveCfg = Release|Any CPU
		{D2F8C189-11E7-4321-9EFE-9F0A2F298C9D}.Release|Any CPU.Build.0 = Release|Any CPU
		{A6D65A7A-2BE4-4B63-87CA-9D3A9C99F3C8}.Debug|Any CPU.ActiveCfg = Debug|Any CPU
		{A6D65A7A-2BE4-4B63-87CA-9D3A9C99F3C8}.Debug|Any CPU.Build.0 = Debug|Any CPU
		{A6D65A7A-2BE4-4B63-87CA-9D3A9C99F3C8}.Release|Any CPU.ActiveCfg = Release|Any CPU
		{A6D65A7A-2BE4-4B63-87CA-9D3A9C99F3C8}.Release|Any CPU.Build.0 = Release|Any CPU
		{FA2C4838-1942-4CA5-8F2E-0E69B7FEDA43}.Debug|Any CPU.ActiveCfg = Debug|Any CPU
		{FA2C4838-1942-4CA5-8F2E-0E69B7FEDA43}.Debug|Any CPU.Build.0 = Debug|Any CPU
		{FA2C4838-1942-4CA5-8F2E-0E69B7FEDA43}.Release|Any CPU.ActiveCfg = Release|Any CPU
		{FA2C4838-1942-4CA5-8F2E-0E69B7FEDA43}.Release|Any CPU.Build.0 = Release|Any CPU
		{89800E1D-E2F3-4545-B12C-53531E864502}.Debug|Any CPU.ActiveCfg = Debug|Any CPU
		{89800E1D-E2F3-4545-B12C-53531E864502}.Debug|Any CPU.Build.0 = Debug|Any CPU
		{89800E1D-E2F3-4545-B12C-53531E864502}.Release|Any CPU.ActiveCfg = Release|Any CPU
		{89800E1D-E2F3-4545-B12C-53531E864502}.Release|Any CPU.Build.0 = Release|Any CPU
		{90359818-058A-4B90-8B27-B719EA80804F}.Debug|Any CPU.ActiveCfg = Debug|Any CPU
		{90359818-058A-4B90-8B27-B719EA80804F}.Debug|Any CPU.Build.0 = Debug|Any CPU
		{90359818-058A-4B90-8B27-B719EA80804F}.Release|Any CPU.ActiveCfg = Release|Any CPU
		{90359818-058A-4B90-8B27-B719EA80804F}.Release|Any CPU.Build.0 = Release|Any CPU
		{A71531D9-7BC6-4FC7-858E-E96698273067}.Debug|Any CPU.ActiveCfg = Debug|Any CPU
		{A71531D9-7BC6-4FC7-858E-E96698273067}.Debug|Any CPU.Build.0 = Debug|Any CPU
		{A71531D9-7BC6-4FC7-858E-E96698273067}.Release|Any CPU.ActiveCfg = Release|Any CPU
		{A71531D9-7BC6-4FC7-858E-E96698273067}.Release|Any CPU.Build.0 = Release|Any CPU
		{ABC5A66C-15CE-45E7-88EC-F089911CF8C5}.Debug|Any CPU.ActiveCfg = Debug|Any CPU
		{ABC5A66C-15CE-45E7-88EC-F089911CF8C5}.Debug|Any CPU.Build.0 = Debug|Any CPU
		{ABC5A66C-15CE-45E7-88EC-F089911CF8C5}.Release|Any CPU.ActiveCfg = Release|Any CPU
		{ABC5A66C-15CE-45E7-88EC-F089911CF8C5}.Release|Any CPU.Build.0 = Release|Any CPU
		{C35DEB33-D81D-4F9E-B5EF-062C6D0473D2}.Debug|Any CPU.ActiveCfg = Debug|Any CPU
		{C35DEB33-D81D-4F9E-B5EF-062C6D0473D2}.Debug|Any CPU.Build.0 = Debug|Any CPU
		{C35DEB33-D81D-4F9E-B5EF-062C6D0473D2}.Release|Any CPU.ActiveCfg = Release|Any CPU
		{C35DEB33-D81D-4F9E-B5EF-062C6D0473D2}.Release|Any CPU.Build.0 = Release|Any CPU
		{25FC924D-CA08-48CC-A2E2-E05D50125E0F}.Debug|Any CPU.ActiveCfg = Debug|Any CPU
		{25FC924D-CA08-48CC-A2E2-E05D50125E0F}.Debug|Any CPU.Build.0 = Debug|Any CPU
		{25FC924D-CA08-48CC-A2E2-E05D50125E0F}.Release|Any CPU.ActiveCfg = Release|Any CPU
		{25FC924D-CA08-48CC-A2E2-E05D50125E0F}.Release|Any CPU.Build.0 = Release|Any CPU
		{BC6089D9-2E82-400D-962A-F0ECF805545D}.Debug|Any CPU.ActiveCfg = Debug|Any CPU
		{BC6089D9-2E82-400D-962A-F0ECF805545D}.Debug|Any CPU.Build.0 = Debug|Any CPU
		{BC6089D9-2E82-400D-962A-F0ECF805545D}.Release|Any CPU.ActiveCfg = Release|Any CPU
		{BC6089D9-2E82-400D-962A-F0ECF805545D}.Release|Any CPU.Build.0 = Release|Any CPU
	EndGlobalSection
	GlobalSection(SolutionProperties) = preSolution
		HideSolutionNode = FALSE
	EndGlobalSection
	GlobalSection(ExtensibilityGlobals) = postSolution
		SolutionGuid = {BA47C15B-605D-4390-A09D-63D22A9EAEB0}
	EndGlobalSection
EndGlobal
